
Microsoft Visual Studio Solution File, Format Version 12.00
# Visual Studio 14
VisualStudioVersion = 14.0.25123.0
MinimumVisualStudioVersion = 10.0.40219.1
Project("{FAE04EC0-301F-11D3-BF4B-00C04F79EFBC}") = "Query", "Query\Query.csproj", "{E5C3DCF4-98A5-4195-8529-C848897D4D98}"
EndProject
Project("{FAE04EC0-301F-11D3-BF4B-00C04F79EFBC}") = "Query.Tests", "Query.Tests\Query.Tests.csproj", "{E26E6114-4DF2-4EE6-924F-854CA285D0D7}"
EndProject
Project("{FAE04EC0-301F-11D3-BF4B-00C04F79EFBC}") = "Binding", "Binding\Binding.csproj", "{FFD69CD1-09B9-4C49-B17B-72D7C24A1DB0}"
EndProject
Global
	GlobalSection(SolutionConfigurationPlatforms) = preSolution
		Debug|Any CPU = Debug|Any CPU
		Release|Any CPU = Release|Any CPU
	EndGlobalSection
	GlobalSection(ProjectConfigurationPlatforms) = postSolution
		{E5C3DCF4-98A5-4195-8529-C848897D4D98}.Debug|Any CPU.ActiveCfg = Debug|Any CPU
		{E5C3DCF4-98A5-4195-8529-C848897D4D98}.Debug|Any CPU.Build.0 = Debug|Any CPU
		{E5C3DCF4-98A5-4195-8529-C848897D4D98}.Release|Any CPU.ActiveCfg = Release|Any CPU
		{E5C3DCF4-98A5-4195-8529-C848897D4D98}.Release|Any CPU.Build.0 = Release|Any CPU
		{E26E6114-4DF2-4EE6-924F-854CA285D0D7}.Debug|Any CPU.ActiveCfg = Debug|Any CPU
		{E26E6114-4DF2-4EE6-924F-854CA285D0D7}.Debug|Any CPU.Build.0 = Debug|Any CPU
		{E26E6114-4DF2-4EE6-924F-854CA285D0D7}.Release|Any CPU.ActiveCfg = Release|Any CPU
		{E26E6114-4DF2-4EE6-924F-854CA285D0D7}.Release|Any CPU.Build.0 = Release|Any CPU
		{FFD69CD1-09B9-4C49-B17B-72D7C24A1DB0}.Debug|Any CPU.ActiveCfg = Debug|Any CPU
		{FFD69CD1-09B9-4C49-B17B-72D7C24A1DB0}.Debug|Any CPU.Build.0 = Debug|Any CPU
		{FFD69CD1-09B9-4C49-B17B-72D7C24A1DB0}.Release|Any CPU.ActiveCfg = Release|Any CPU
		{FFD69CD1-09B9-4C49-B17B-72D7C24A1DB0}.Release|Any CPU.Build.0 = Release|Any CPU
	EndGlobalSection
	GlobalSection(SolutionProperties) = preSolution
		HideSolutionNode = FALSE
	EndGlobalSection
	GlobalSection(TeamFoundationVersionControl) = preSolution
		SccNumberOfProjects = 4
		SccEnterpriseProvider = {4CA58AB2-18FA-4F8D-95D4-32DDF27D184C}
		SccTeamFoundationServer = https://pratikvsb.visualstudio.com/
		SccLocalPath0 = .
		SccProjectUniqueName1 = Query\\Query.csproj
		SccProjectName1 = Query
		SccLocalPath1 = Query
		SccProjectUniqueName2 = Query.Tests\\Query.Tests.csproj
		SccProjectName2 = Query.Tests
		SccLocalPath2 = Query.Tests
		SccProjectUniqueName3 = Binding\\Binding.csproj
		SccProjectName3 = Binding
		SccLocalPath3 = Binding
	EndGlobalSection
EndGlobal
